
Microsoft Visual Studio Solution File, Format Version 12.00
# Visual Studio Version 17
VisualStudioVersion = 17.9.34902.65
MinimumVisualStudioVersion = 10.0.40219.1
Project("{9A19103F-16F7-4668-BE54-9A1E7A4F7556}") = "FENGSHUIKOI.Service", "FENGSHUIKOI.Service\FENGSHUIKOI.Service.csproj", "{4BB2C69F-DF4A-47B8-95F5-B033B209D596}"
EndProject
Project("{9A19103F-16F7-4668-BE54-9A1E7A4F7556}") = "FENGSHUIKOI.Data", "FENGSHUIKOI.Data\FENGSHUIKOI.Data.csproj", "{6E76BA83-03D7-40EE-92C2-83218C20DB8E}"
EndProject
Project("{9A19103F-16F7-4668-BE54-9A1E7A4F7556}") = "FENGSHUIKOI.Common", "FENGSHUIKOI.Common\FENGSHUIKOI.Common.csproj", "{287200E9-0D47-4760-BDC6-3E89ECBF9946}"
EndProject
Project("{9A19103F-16F7-4668-BE54-9A1E7A4F7556}") = "FENGSHUIKOI.APIService", "FENGSHUIKOI.APIService\FENGSHUIKOI.APIService.csproj", "{1C56F25F-A67B-423C-9282-55C8C08EF1F8}"
EndProject
Project("{FAE04EC0-301F-11D3-BF4B-00C04F79EFBC}") = "FENGSHUIKOI.MVCWebApp", "FENGSHUIKOI.MVCWebApp\FENGSHUIKOI.MVCWebApp.csproj", "{12B15822-146A-4BB7-B724-87F47DED7B99}"
EndProject
Global
	GlobalSection(SolutionConfigurationPlatforms) = preSolution
		Debug|Any CPU = Debug|Any CPU
		Release|Any CPU = Release|Any CPU
	EndGlobalSection
	GlobalSection(ProjectConfigurationPlatforms) = postSolution
		{4BB2C69F-DF4A-47B8-95F5-B033B209D596}.Debug|Any CPU.ActiveCfg = Debug|Any CPU
		{4BB2C69F-DF4A-47B8-95F5-B033B209D596}.Debug|Any CPU.Build.0 = Debug|Any CPU
		{4BB2C69F-DF4A-47B8-95F5-B033B209D596}.Release|Any CPU.ActiveCfg = Release|Any CPU
		{4BB2C69F-DF4A-47B8-95F5-B033B209D596}.Release|Any CPU.Build.0 = Release|Any CPU
		{6E76BA83-03D7-40EE-92C2-83218C20DB8E}.Debug|Any CPU.ActiveCfg = Debug|Any CPU
		{6E76BA83-03D7-40EE-92C2-83218C20DB8E}.Debug|Any CPU.Build.0 = Debug|Any CPU
		{6E76BA83-03D7-40EE-92C2-83218C20DB8E}.Release|Any CPU.ActiveCfg = Release|Any CPU
		{6E76BA83-03D7-40EE-92C2-83218C20DB8E}.Release|Any CPU.Build.0 = Release|Any CPU
		{287200E9-0D47-4760-BDC6-3E89ECBF9946}.Debug|Any CPU.ActiveCfg = Debug|Any CPU
		{287200E9-0D47-4760-BDC6-3E89ECBF9946}.Debug|Any CPU.Build.0 = Debug|Any CPU
		{287200E9-0D47-4760-BDC6-3E89ECBF9946}.Release|Any CPU.ActiveCfg = Release|Any CPU
		{287200E9-0D47-4760-BDC6-3E89ECBF9946}.Release|Any CPU.Build.0 = Release|Any CPU
		{1C56F25F-A67B-423C-9282-55C8C08EF1F8}.Debug|Any CPU.ActiveCfg = Debug|Any CPU
		{1C56F25F-A67B-423C-9282-55C8C08EF1F8}.Debug|Any CPU.Build.0 = Debug|Any CPU
		{1C56F25F-A67B-423C-9282-55C8C08EF1F8}.Release|Any CPU.ActiveCfg = Release|Any CPU
		{1C56F25F-A67B-423C-9282-55C8C08EF1F8}.Release|Any CPU.Build.0 = Release|Any CPU
		{12B15822-146A-4BB7-B724-87F47DED7B99}.Debug|Any CPU.ActiveCfg = Debug|Any CPU
		{12B15822-146A-4BB7-B724-87F47DED7B99}.Debug|Any CPU.Build.0 = Debug|Any CPU
		{12B15822-146A-4BB7-B724-87F47DED7B99}.Release|Any CPU.ActiveCfg = Release|Any CPU
		{12B15822-146A-4BB7-B724-87F47DED7B99}.Release|Any CPU.Build.0 = Release|Any CPU
	EndGlobalSection
	GlobalSection(SolutionProperties) = preSolution
		HideSolutionNode = FALSE
	EndGlobalSection
	GlobalSection(ExtensibilityGlobals) = postSolution
		SolutionGuid = {C7A5DB87-A423-4047-8559-2BC5CE1989CF}
	EndGlobalSection
EndGlobal
